
Microsoft Visual Studio Solution File, Format Version 12.00
# Visual Studio Version 17
VisualStudioVersion = 17.7.34009.444
MinimumVisualStudioVersion = 10.0.40219.1
Project("{FAE04EC0-301F-11D3-BF4B-00C04F79EFBC}") = "WpfApp2", "WpfApp2\WpfApp2.csproj", "{B293719D-9474-464D-A8F2-7BCD36439528}"
EndProject
Global
	GlobalSection(SolutionConfigurationPlatforms) = preSolution
		Debug|Any CPU = Debug|Any CPU
		Release|Any CPU = Release|Any CPU
	EndGlobalSection
	GlobalSection(ProjectConfigurationPlatforms) = postSolution
		{B293719D-9474-464D-A8F2-7BCD36439528}.Debug|Any CPU.ActiveCfg = Debug|Any CPU
		{B293719D-9474-464D-A8F2-7BCD36439528}.Debug|Any CPU.Build.0 = Debug|Any CPU
		{B293719D-9474-464D-A8F2-7BCD36439528}.Release|Any CPU.ActiveCfg = Release|Any CPU
		{B293719D-9474-464D-A8F2-7BCD36439528}.Release|Any CPU.Build.0 = Release|Any CPU
	EndGlobalSection
	GlobalSection(SolutionProperties) = preSolution
		HideSolutionNode = FALSE
	EndGlobalSection
	GlobalSection(ExtensibilityGlobals) = postSolution
		SolutionGuid = {84756299-72E0-438E-B5ED-2096871C0DE0}
	EndGlobalSection
EndGlobal
